{
  "version": 4,
  "terraform_version": "1.3.7",
  "serial": 121,
  "lineage": "dd2635d0-0389-7225-73ab-596e53045579",
  "outputs": {
    "aws_instance_public_dns": {
      "value": "globweb-dev-alb-1356134419.us-east-1.elb.amazonaws.com",
      "type": "string"
    }
  },
  "resources": [
    {
      "mode": "data",
      "type": "aws_availability_zones",
      "name": "available",
      "provider": "provider[\"registry.terraform.io/hashicorp/aws\"]",
      "instances": [
        {
          "schema_version": 0,
          "attributes": {
            "all_availability_zones": null,
            "exclude_names": null,
            "exclude_zone_ids": null,
            "filter": null,
            "group_names": [
              "us-east-1"
            ],
            "id": "us-east-1",
            "names": [
              "us-east-1a",
              "us-east-1b",
              "us-east-1c",
              "us-east-1d",
              "us-east-1e",
              "us-east-1f"
            ],
            "state": "available",
            "timeouts": null,
            "zone_ids": [
              "use1-az6",
              "use1-az1",
              "use1-az2",
              "use1-az4",
              "use1-az3",
              "use1-az5"
            ]
          },
          "sensitive_attributes": []
        }
      ]
    },
    {
      "mode": "data",
      "type": "aws_elb_service_account",
      "name": "root",
      "provider": "provider[\"registry.terraform.io/hashicorp/aws\"]",
      "instances": [
        {
          "schema_version": 0,
          "attributes": {
            "arn": "arn:aws:iam::127311923021:root",
            "id": "127311923021",
            "region": null
          },
          "sensitive_attributes": []
        }
      ]
    },
    {
      "mode": "data",
      "type": "aws_ssm_parameter",
      "name": "ami",
      "provider": "provider[\"registry.terraform.io/hashicorp/aws\"]",
      "instances": [
        {
          "schema_version": 0,
          "attributes": {
            "arn": "arn:aws:ssm:us-east-1::parameter/aws/service/ami-amazon-linux-latest/amzn2-ami-hvm-x86_64-gp2",
            "id": "/aws/service/ami-amazon-linux-latest/amzn2-ami-hvm-x86_64-gp2",
            "name": "/aws/service/ami-amazon-linux-latest/amzn2-ami-hvm-x86_64-gp2",
            "type": "String",
            "value": "ami-0fe472d8a85bc7b0e",
            "version": 77,
            "with_decryption": true
          },
          "sensitive_attributes": []
        }
      ]
    },
    {
      "mode": "managed",
      "type": "aws_instance",
      "name": "nginx",
      "provider": "provider[\"registry.terraform.io/hashicorp/aws\"]",
      "instances": [
        {
          "index_key": 0,
          "schema_version": 1,
          "attributes": {
            "ami": "ami-0fe472d8a85bc7b0e",
            "arn": "arn:aws:ec2:us-east-1:181636875901:instance/i-0557438c92210b1f2",
            "associate_public_ip_address": true,
            "availability_zone": "us-east-1a",
            "capacity_reservation_specification": [
              {
                "capacity_reservation_preference": "open",
                "capacity_reservation_target": []
              }
            ],
            "cpu_core_count": 1,
            "cpu_threads_per_core": 1,
            "credit_specification": [
              {
                "cpu_credits": "standard"
              }
            ],
            "disable_api_stop": false,
            "disable_api_termination": false,
            "ebs_block_device": [],
            "ebs_optimized": false,
            "enclave_options": [
              {
                "enabled": false
              }
            ],
            "ephemeral_block_device": [],
            "get_password_data": false,
            "hibernation": false,
            "host_id": null,
            "host_resource_group_arn": null,
            "iam_instance_profile": "globweb-dev-85624-ec2_profile",
            "id": "i-0557438c92210b1f2",
            "instance_initiated_shutdown_behavior": "stop",
            "instance_state": "running",
            "instance_type": "t2.micro",
            "ipv6_address_count": 0,
            "ipv6_addresses": [],
            "key_name": "",
            "launch_template": [],
            "maintenance_options": [
              {
                "auto_recovery": "default"
              }
            ],
            "metadata_options": [
              {
                "http_endpoint": "enabled",
                "http_put_response_hop_limit": 1,
                "http_tokens": "optional",
                "instance_metadata_tags": "disabled"
              }
            ],
            "monitoring": false,
            "network_interface": [],
            "outpost_arn": "",
            "password_data": "",
            "placement_group": "",
            "placement_partition_number": null,
            "primary_network_interface_id": "eni-0e95d059080bfb66f",
            "private_dns": "ip-10-0-0-214.ec2.internal",
            "private_dns_name_options": [
              {
                "enable_resource_name_dns_a_record": false,
                "enable_resource_name_dns_aaaa_record": false,
                "hostname_type": "ip-name"
              }
            ],
            "private_ip": "10.0.0.214",
            "public_dns": "",
            "public_ip": "52.2.31.215",
            "root_block_device": [
              {
                "delete_on_termination": true,
                "device_name": "/dev/xvda",
                "encrypted": false,
                "iops": 100,
                "kms_key_id": "",
                "tags": {},
                "throughput": 0,
                "volume_id": "vol-044184f95a8b8c4f4",
                "volume_size": 8,
                "volume_type": "gp2"
              }
            ],
            "secondary_private_ips": [],
            "security_groups": [],
            "source_dest_check": true,
            "subnet_id": "subnet-0d114feb882b18ff7",
            "tags": {
              "Name": "globweb-dev-nginx-0",
              "billing_code": "ACCT8675309",
              "company": "Globomantics",
              "project": "Globomantics-web-app"
            },
            "tags_all": {
              "Name": "globweb-dev-nginx-0",
              "billing_code": "ACCT8675309",
              "company": "Globomantics",
              "project": "Globomantics-web-app"
            },
            "tenancy": "default",
            "timeouts": null,
            "user_data": "ca3a6b81d5e3ebbb1bf45faebf5a4fac2ebcd149",
            "user_data_base64": null,
            "user_data_replace_on_change": false,
            "volume_tags": null,
            "vpc_security_group_ids": [
              "sg-01d212567aef6f5ed"
            ]
          },
          "sensitive_attributes": [],
          "private": "eyJlMmJmYjczMC1lY2FhLTExZTYtOGY4OC0zNDM2M2JjN2M0YzAiOnsiY3JlYXRlIjo2MDAwMDAwMDAwMDAsImRlbGV0ZSI6MTIwMDAwMDAwMDAwMCwidXBkYXRlIjo2MDAwMDAwMDAwMDB9LCJzY2hlbWFfdmVyc2lvbiI6IjEifQ==",
          "dependencies": [
            "aws_security_group.nginx-sg",
            "data.aws_availability_zones.available",
            "data.aws_elb_service_account.root",
            "data.aws_ssm_parameter.ami",
            "module.vpc.aws_subnet.public",
            "module.vpc.aws_vpc.this",
            "module.vpc.aws_vpc_ipv4_cidr_block_association.this",
            "module.web_app_s3.aws_iam_instance_profile.instance_profile",
            "module.web_app_s3.aws_iam_role.iam_role_allow_s3",
            "module.web_app_s3.aws_iam_role_policy.iam_role_policy_allow_s3_all",
            "module.web_app_s3.aws_s3_bucket.web_bucket",
            "random_integer.rand"
          ]
        },
        {
          "index_key": 1,
          "schema_version": 1,
          "attributes": {
            "ami": "ami-0fe472d8a85bc7b0e",
            "arn": "arn:aws:ec2:us-east-1:181636875901:instance/i-0a2d9e675d58a126b",
            "associate_public_ip_address": true,
            "availability_zone": "us-east-1b",
            "capacity_reservation_specification": [
              {
                "capacity_reservation_preference": "open",
                "capacity_reservation_target": []
              }
            ],
            "cpu_core_count": 1,
            "cpu_threads_per_core": 1,
            "credit_specification": [
              {
                "cpu_credits": "standard"
              }
            ],
            "disable_api_stop": false,
            "disable_api_termination": false,
            "ebs_block_device": [],
            "ebs_optimized": false,
            "enclave_options": [
              {
                "enabled": false
              }
            ],
            "ephemeral_block_device": [],
            "get_password_data": false,
            "hibernation": false,
            "host_id": null,
            "host_resource_group_arn": null,
            "iam_instance_profile": "globweb-dev-85624-ec2_profile",
            "id": "i-0a2d9e675d58a126b",
            "instance_initiated_shutdown_behavior": "stop",
            "instance_state": "running",
            "instance_type": "t2.micro",
            "ipv6_address_count": 0,
            "ipv6_addresses": [],
            "key_name": "",
            "launch_template": [],
            "maintenance_options": [
              {
                "auto_recovery": "default"
              }
            ],
            "metadata_options": [
              {
                "http_endpoint": "enabled",
                "http_put_response_hop_limit": 1,
                "http_tokens": "optional",
                "instance_metadata_tags": "disabled"
              }
            ],
            "monitoring": false,
            "network_interface": [],
            "outpost_arn": "",
            "password_data": "",
            "placement_group": "",
            "placement_partition_number": null,
            "primary_network_interface_id": "eni-0edc6a46170fba807",
            "private_dns": "ip-10-0-1-131.ec2.internal",
            "private_dns_name_options": [
              {
                "enable_resource_name_dns_a_record": false,
                "enable_resource_name_dns_aaaa_record": false,
                "hostname_type": "ip-name"
              }
            ],
            "private_ip": "10.0.1.131",
            "public_dns": "",
            "public_ip": "34.200.227.49",
            "root_block_device": [
              {
                "delete_on_termination": true,
                "device_name": "/dev/xvda",
                "encrypted": false,
                "iops": 100,
                "kms_key_id": "",
                "tags": {},
                "throughput": 0,
                "volume_id": "vol-07b20ada7953c49ec",
                "volume_size": 8,
                "volume_type": "gp2"
              }
            ],
            "secondary_private_ips": [],
            "security_groups": [],
            "source_dest_check": true,
            "subnet_id": "subnet-091117d0877bb915f",
            "tags": {
              "Name": "globweb-dev-nginx-1",
              "billing_code": "ACCT8675309",
              "company": "Globomantics",
              "project": "Globomantics-web-app"
            },
            "tags_all": {
              "Name": "globweb-dev-nginx-1",
              "billing_code": "ACCT8675309",
              "company": "Globomantics",
              "project": "Globomantics-web-app"
            },
            "tenancy": "default",
            "timeouts": null,
            "user_data": "ca3a6b81d5e3ebbb1bf45faebf5a4fac2ebcd149",
            "user_data_base64": null,
            "user_data_replace_on_change": false,
            "volume_tags": null,
            "vpc_security_group_ids": [
              "sg-01d212567aef6f5ed"
            ]
          },
          "sensitive_attributes": [],
          "private": "eyJlMmJmYjczMC1lY2FhLTExZTYtOGY4OC0zNDM2M2JjN2M0YzAiOnsiY3JlYXRlIjo2MDAwMDAwMDAwMDAsImRlbGV0ZSI6MTIwMDAwMDAwMDAwMCwidXBkYXRlIjo2MDAwMDAwMDAwMDB9LCJzY2hlbWFfdmVyc2lvbiI6IjEifQ==",
          "dependencies": [
            "aws_security_group.nginx-sg",
            "data.aws_availability_zones.available",
            "data.aws_elb_service_account.root",
            "data.aws_ssm_parameter.ami",
            "module.vpc.aws_subnet.public",
            "module.vpc.aws_vpc.this",
            "module.vpc.aws_vpc_ipv4_cidr_block_association.this",
            "module.web_app_s3.aws_iam_instance_profile.instance_profile",
            "module.web_app_s3.aws_iam_role.iam_role_allow_s3",
            "module.web_app_s3.aws_iam_role_policy.iam_role_policy_allow_s3_all",
            "module.web_app_s3.aws_s3_bucket.web_bucket",
            "random_integer.rand"
          ]
        }
      ]
    },
    {
      "mode": "managed",
      "type": "aws_lb",
      "name": "nginx_lb",
      "provider": "provider[\"registry.terraform.io/hashicorp/aws\"]",
      "instances": [
        {
          "schema_version": 0,
          "attributes": {
            "access_logs": [
              {
                "bucket": "globweb-dev-85624",
                "enabled": true,
                "prefix": "alb-logs"
              }
            ],
            "arn": "arn:aws:elasticloadbalancing:us-east-1:181636875901:loadbalancer/app/globweb-dev-alb/31766c7a8c5ed774",
            "arn_suffix": "app/globweb-dev-alb/31766c7a8c5ed774",
            "customer_owned_ipv4_pool": "",
            "desync_mitigation_mode": "defensive",
            "dns_name": "globweb-dev-alb-1356134419.us-east-1.elb.amazonaws.com",
            "drop_invalid_header_fields": false,
            "enable_cross_zone_load_balancing": true,
            "enable_deletion_protection": false,
            "enable_http2": true,
            "enable_waf_fail_open": false,
            "id": "arn:aws:elasticloadbalancing:us-east-1:181636875901:loadbalancer/app/globweb-dev-alb/31766c7a8c5ed774",
            "idle_timeout": 60,
            "internal": false,
            "ip_address_type": "ipv4",
            "load_balancer_type": "application",
            "name": "globweb-dev-alb",
            "name_prefix": null,
            "preserve_host_header": false,
            "security_groups": [
              "sg-0b6d363d9e88bd2c5"
            ],
            "subnet_mapping": [
              {
                "allocation_id": "",
                "ipv6_address": "",
                "outpost_id": "",
                "private_ipv4_address": "",
                "subnet_id": "subnet-091117d0877bb915f"
              },
              {
                "allocation_id": "",
                "ipv6_address": "",
                "outpost_id": "",
                "private_ipv4_address": "",
                "subnet_id": "subnet-0d114feb882b18ff7"
              }
            ],
            "subnets": [
              "subnet-091117d0877bb915f",
              "subnet-0d114feb882b18ff7"
            ],
            "tags": {
              "billing_code": "ACCT8675309",
              "company": "Globomantics",
              "project": "Globomantics-web-app"
            },
            "tags_all": {
              "billing_code": "ACCT8675309",
              "company": "Globomantics",
              "project": "Globomantics-web-app"
            },
            "timeouts": null,
            "vpc_id": "vpc-00b2acd24723b3089",
            "zone_id": "Z35SXDOTRQ7X7K"
          },
          "sensitive_attributes": [],
          "private": "eyJlMmJmYjczMC1lY2FhLTExZTYtOGY4OC0zNDM2M2JjN2M0YzAiOnsiY3JlYXRlIjo2MDAwMDAwMDAwMDAsImRlbGV0ZSI6NjAwMDAwMDAwMDAwLCJ1cGRhdGUiOjYwMDAwMDAwMDAwMH19",
          "dependencies": [
            "aws_security_group.alb_sg",
            "data.aws_availability_zones.available",
            "data.aws_elb_service_account.root",
            "module.vpc.aws_subnet.public",
            "module.vpc.aws_vpc.this",
            "module.vpc.aws_vpc_ipv4_cidr_block_association.this",
            "module.web_app_s3.aws_s3_bucket.web_bucket",
            "random_integer.rand"
          ]
        }
      ]
    },
    {
      "mode": "managed",
      "type": "aws_lb_listener",
      "name": "nginx_lb_listener",
      "provider": "provider[\"registry.terraform.io/hashicorp/aws\"]",
      "instances": [
        {
          "schema_version": 0,
          "attributes": {
            "alpn_policy": null,
            "arn": "arn:aws:elasticloadbalancing:us-east-1:181636875901:listener/app/globweb-dev-alb/31766c7a8c5ed774/2db962da002af3c5",
            "certificate_arn": null,
            "default_action": [
              {
                "authenticate_cognito": [],
                "authenticate_oidc": [],
                "fixed_response": [],
                "forward": [],
                "order": 1,
                "redirect": [],
                "target_group_arn": "arn:aws:elasticloadbalancing:us-east-1:181636875901:targetgroup/globweb-dev-web-tg/9b4c4dd3a5e479ef",
                "type": "forward"
              }
            ],
            "id": "arn:aws:elasticloadbalancing:us-east-1:181636875901:listener/app/globweb-dev-alb/31766c7a8c5ed774/2db962da002af3c5",
            "load_balancer_arn": "arn:aws:elasticloadbalancing:us-east-1:181636875901:loadbalancer/app/globweb-dev-alb/31766c7a8c5ed774",
            "port": 80,
            "protocol": "HTTP",
            "ssl_policy": "",
            "tags": {
              "billing_code": "ACCT8675309",
              "company": "Globomantics",
              "project": "Globomantics-web-app"
            },
            "tags_all": {
              "billing_code": "ACCT8675309",
              "company": "Globomantics",
              "project": "Globomantics-web-app"
            },
            "timeouts": null
          },
          "sensitive_attributes": [],
          "private": "eyJlMmJmYjczMC1lY2FhLTExZTYtOGY4OC0zNDM2M2JjN2M0YzAiOnsicmVhZCI6NjAwMDAwMDAwMDAwfX0=",
          "dependencies": [
            "aws_lb.nginx_lb",
            "aws_lb_target_group.nginx_lb_tg",
            "module.vpc.aws_vpc.this"
          ]
        }
      ]
    },
    {
      "mode": "managed",
      "type": "aws_lb_target_group",
      "name": "nginx_lb_tg",
      "provider": "provider[\"registry.terraform.io/hashicorp/aws\"]",
      "instances": [
        {
          "schema_version": 0,
          "attributes": {
            "arn": "arn:aws:elasticloadbalancing:us-east-1:181636875901:targetgroup/globweb-dev-web-tg/9b4c4dd3a5e479ef",
            "arn_suffix": "targetgroup/globweb-dev-web-tg/9b4c4dd3a5e479ef",
            "connection_termination": false,
            "deregistration_delay": "300",
            "health_check": [
              {
                "enabled": true,
                "healthy_threshold": 5,
                "interval": 30,
                "matcher": "200",
                "path": "/",
                "port": "traffic-port",
                "protocol": "HTTP",
                "timeout": 5,
                "unhealthy_threshold": 2
              }
            ],
            "id": "arn:aws:elasticloadbalancing:us-east-1:181636875901:targetgroup/globweb-dev-web-tg/9b4c4dd3a5e479ef",
            "ip_address_type": "ipv4",
            "lambda_multi_value_headers_enabled": false,
            "load_balancing_algorithm_type": "round_robin",
            "name": "globweb-dev-web-tg",
            "name_prefix": null,
            "port": 80,
            "preserve_client_ip": null,
            "protocol": "HTTP",
            "protocol_version": "HTTP1",
            "proxy_protocol_v2": false,
            "slow_start": 0,
            "stickiness": [
              {
                "cookie_duration": 86400,
                "cookie_name": "",
                "enabled": false,
                "type": "lb_cookie"
              }
            ],
            "tags": {},
            "tags_all": {},
            "target_failover": [
              {
                "on_deregistration": null,
                "on_unhealthy": null
              }
            ],
            "target_type": "instance",
            "vpc_id": "vpc-00b2acd24723b3089"
          },
          "sensitive_attributes": [],
          "private": "bnVsbA==",
          "dependencies": [
            "module.vpc.aws_vpc.this"
          ]
        }
      ]
    },
    {
      "mode": "managed",
      "type": "aws_lb_target_group_attachment",
      "name": "nginx_tg_attachments",
      "provider": "provider[\"registry.terraform.io/hashicorp/aws\"]",
      "instances": [
        {
          "index_key": 0,
          "schema_version": 0,
          "attributes": {
            "availability_zone": null,
            "id": "arn:aws:elasticloadbalancing:us-east-1:181636875901:targetgroup/globweb-dev-web-tg/9b4c4dd3a5e479ef-20230118023041087100000004",
            "port": 80,
            "target_group_arn": "arn:aws:elasticloadbalancing:us-east-1:181636875901:targetgroup/globweb-dev-web-tg/9b4c4dd3a5e479ef",
            "target_id": "i-0557438c92210b1f2"
          },
          "sensitive_attributes": [],
          "private": "bnVsbA==",
          "dependencies": [
            "aws_instance.nginx",
            "aws_lb_target_group.nginx_lb_tg",
            "aws_security_group.nginx-sg",
            "data.aws_availability_zones.available",
            "data.aws_elb_service_account.root",
            "data.aws_ssm_parameter.ami",
            "module.vpc.aws_subnet.public",
            "module.vpc.aws_vpc.this",
            "module.vpc.aws_vpc_ipv4_cidr_block_association.this",
            "module.web_app_s3.aws_iam_instance_profile.instance_profile",
            "module.web_app_s3.aws_iam_role.iam_role_allow_s3",
            "module.web_app_s3.aws_iam_role_policy.iam_role_policy_allow_s3_all",
            "module.web_app_s3.aws_s3_bucket.web_bucket",
            "random_integer.rand"
          ]
        },
        {
          "index_key": 1,
          "schema_version": 0,
          "attributes": {
            "availability_zone": null,
            "id": "arn:aws:elasticloadbalancing:us-east-1:181636875901:targetgroup/globweb-dev-web-tg/9b4c4dd3a5e479ef-20230118023040933400000003",
            "port": 80,
            "target_group_arn": "arn:aws:elasticloadbalancing:us-east-1:181636875901:targetgroup/globweb-dev-web-tg/9b4c4dd3a5e479ef",
            "target_id": "i-0a2d9e675d58a126b"
          },
          "sensitive_attributes": [],
          "private": "bnVsbA==",
          "dependencies": [
            "aws_instance.nginx",
            "aws_lb_target_group.nginx_lb_tg",
            "aws_security_group.nginx-sg",
            "data.aws_availability_zones.available",
            "data.aws_elb_service_account.root",
            "data.aws_ssm_parameter.ami",
            "module.vpc.aws_subnet.public",
            "module.vpc.aws_vpc.this",
            "module.vpc.aws_vpc_ipv4_cidr_block_association.this",
            "module.web_app_s3.aws_iam_instance_profile.instance_profile",
            "module.web_app_s3.aws_iam_role.iam_role_allow_s3",
            "module.web_app_s3.aws_iam_role_policy.iam_role_policy_allow_s3_all",
            "module.web_app_s3.aws_s3_bucket.web_bucket",
            "random_integer.rand"
          ]
        }
      ]
    },
    {
      "mode": "managed",
      "type": "aws_s3_bucket_object",
      "name": "website_content",
      "provider": "provider[\"registry.terraform.io/hashicorp/aws\"]",
      "instances": [
        {
          "index_key": "logo",
          "schema_version": 0,
          "attributes": {
            "acl": "private",
            "bucket": "globweb-dev-85624",
            "bucket_key_enabled": false,
            "cache_control": "",
            "content": null,
            "content_base64": null,
            "content_disposition": "",
            "content_encoding": "",
            "content_language": "",
            "content_type": "binary/octet-stream",
            "etag": "e687fb69f04d709058ec93b505e8c8ee",
            "force_destroy": false,
            "id": "/website/Globo_logo_Vert.png",
            "key": "/website/Globo_logo_Vert.png",
            "kms_key_id": null,
            "metadata": {},
            "object_lock_legal_hold_status": "",
            "object_lock_mode": "",
            "object_lock_retain_until_date": "",
            "server_side_encryption": "",
            "source": "./website/Globo_logo_Vert.png",
            "source_hash": null,
            "storage_class": "STANDARD",
            "tags": {
              "billing_code": "ACCT8675309",
              "company": "Globomantics",
              "project": "Globomantics-web-app"
            },
            "tags_all": {
              "billing_code": "ACCT8675309",
              "company": "Globomantics",
              "project": "Globomantics-web-app"
            },
            "version_id": "",
            "website_redirect": ""
          },
          "sensitive_attributes": [],
          "private": "bnVsbA==",
          "dependencies": [
            "data.aws_elb_service_account.root",
            "module.web_app_s3.aws_s3_bucket.web_bucket",
            "random_integer.rand"
          ]
        },
        {
          "index_key": "website",
          "schema_version": 0,
          "attributes": {
            "acl": "private",
            "bucket": "globweb-dev-85624",
            "bucket_key_enabled": false,
            "cache_control": "",
            "content": null,
            "content_base64": null,
            "content_disposition": "",
            "content_encoding": "",
            "content_language": "",
            "content_type": "binary/octet-stream",
            "etag": "c50d7bb0f7d9dc993dd2c60c4416da23",
            "force_destroy": false,
            "id": "/website/index.html",
            "key": "/website/index.html",
            "kms_key_id": null,
            "metadata": {},
            "object_lock_legal_hold_status": "",
            "object_lock_mode": "",
            "object_lock_retain_until_date": "",
            "server_side_encryption": "",
            "source": "./website/index.html",
            "source_hash": null,
            "storage_class": "STANDARD",
            "tags": {
              "billing_code": "ACCT8675309",
              "company": "Globomantics",
              "project": "Globomantics-web-app"
            },
            "tags_all": {
              "billing_code": "ACCT8675309",
              "company": "Globomantics",
              "project": "Globomantics-web-app"
            },
            "version_id": "",
            "website_redirect": ""
          },
          "sensitive_attributes": [],
          "private": "bnVsbA==",
          "dependencies": [
            "data.aws_elb_service_account.root",
            "module.web_app_s3.aws_s3_bucket.web_bucket",
            "random_integer.rand"
          ]
        }
      ]
    },
    {
      "mode": "managed",
      "type": "aws_security_group",
      "name": "alb_sg",
      "provider": "provider[\"registry.terraform.io/hashicorp/aws\"]",
      "instances": [
        {
          "schema_version": 1,
          "attributes": {
            "arn": "arn:aws:ec2:us-east-1:181636875901:security-group/sg-0b6d363d9e88bd2c5",
            "description": "Managed by Terraform",
            "egress": [
              {
                "cidr_blocks": [
                  "0.0.0.0/0"
                ],
                "description": "",
                "from_port": 0,
                "ipv6_cidr_blocks": [],
                "prefix_list_ids": [],
                "protocol": "-1",
                "security_groups": [],
                "self": false,
                "to_port": 0
              }
            ],
            "id": "sg-0b6d363d9e88bd2c5",
            "ingress": [
              {
                "cidr_blocks": [
                  "0.0.0.0/0"
                ],
                "description": "",
                "from_port": 80,
                "ipv6_cidr_blocks": [],
                "prefix_list_ids": [],
                "protocol": "tcp",
                "security_groups": [],
                "self": false,
                "to_port": 80
              }
            ],
            "name": "globweb-dev-alb-sg",
            "name_prefix": "",
            "owner_id": "181636875901",
            "revoke_rules_on_delete": false,
            "tags": {
              "billing_code": "ACCT8675309",
              "company": "Globomantics",
              "project": "Globomantics-web-app"
            },
            "tags_all": {
              "billing_code": "ACCT8675309",
              "company": "Globomantics",
              "project": "Globomantics-web-app"
            },
            "timeouts": null,
            "vpc_id": "vpc-00b2acd24723b3089"
          },
          "sensitive_attributes": [],
          "private": "eyJlMmJmYjczMC1lY2FhLTExZTYtOGY4OC0zNDM2M2JjN2M0YzAiOnsiY3JlYXRlIjo2MDAwMDAwMDAwMDAsImRlbGV0ZSI6OTAwMDAwMDAwMDAwfSwic2NoZW1hX3ZlcnNpb24iOiIxIn0=",
          "dependencies": [
            "module.vpc.aws_vpc.this"
          ]
        }
      ]
    },
    {
      "mode": "managed",
      "type": "aws_security_group",
      "name": "nginx-sg",
      "provider": "provider[\"registry.terraform.io/hashicorp/aws\"]",
      "instances": [
        {
          "schema_version": 1,
          "attributes": {
            "arn": "arn:aws:ec2:us-east-1:181636875901:security-group/sg-01d212567aef6f5ed",
            "description": "Managed by Terraform",
            "egress": [
              {
                "cidr_blocks": [
                  "0.0.0.0/0"
                ],
                "description": "",
                "from_port": 0,
                "ipv6_cidr_blocks": [],
                "prefix_list_ids": [],
                "protocol": "-1",
                "security_groups": [],
                "self": false,
                "to_port": 0
              }
            ],
            "id": "sg-01d212567aef6f5ed",
            "ingress": [
              {
                "cidr_blocks": [
                  "10.0.0.0/16"
                ],
                "description": "",
                "from_port": 80,
                "ipv6_cidr_blocks": [],
                "prefix_list_ids": [],
                "protocol": "tcp",
                "security_groups": [],
                "self": false,
                "to_port": 80
              }
            ],
            "name": "globweb-dev-sg",
            "name_prefix": "",
            "owner_id": "181636875901",
            "revoke_rules_on_delete": false,
            "tags": {
              "billing_code": "ACCT8675309",
              "company": "Globomantics",
              "project": "Globomantics-web-app"
            },
            "tags_all": {
              "billing_code": "ACCT8675309",
              "company": "Globomantics",
              "project": "Globomantics-web-app"
            },
            "timeouts": null,
            "vpc_id": "vpc-00b2acd24723b3089"
          },
          "sensitive_attributes": [],
          "private": "eyJlMmJmYjczMC1lY2FhLTExZTYtOGY4OC0zNDM2M2JjN2M0YzAiOnsiY3JlYXRlIjo2MDAwMDAwMDAwMDAsImRlbGV0ZSI6OTAwMDAwMDAwMDAwfSwic2NoZW1hX3ZlcnNpb24iOiIxIn0=",
          "dependencies": [
            "module.vpc.aws_vpc.this"
          ]
        }
      ]
    },
    {
      "mode": "managed",
      "type": "random_integer",
      "name": "rand",
      "provider": "provider[\"registry.terraform.io/hashicorp/random\"]",
      "instances": [
        {
          "schema_version": 0,
          "attributes": {
            "id": "85624",
            "keepers": null,
            "max": 99999,
            "min": 10000,
            "result": 85624,
            "seed": null
          },
          "sensitive_attributes": []
        }
      ]
    },
    {
      "module": "module.vpc",
      "mode": "managed",
      "type": "aws_internet_gateway",
      "name": "this",
      "provider": "provider[\"registry.terraform.io/hashicorp/aws\"]",
      "instances": [
        {
          "index_key": 0,
          "schema_version": 0,
          "attributes": {
            "arn": "arn:aws:ec2:us-east-1:181636875901:internet-gateway/igw-054ee8da0f991988c",
            "id": "igw-054ee8da0f991988c",
            "owner_id": "181636875901",
            "tags": {
              "Name": "globweb-dev-vpc",
              "billing_code": "ACCT8675309",
              "company": "Globomantics",
              "project": "Globomantics-web-app"
            },
            "tags_all": {
              "Name": "globweb-dev-vpc",
              "billing_code": "ACCT8675309",
              "company": "Globomantics",
              "project": "Globomantics-web-app"
            },
            "timeouts": null,
            "vpc_id": "vpc-00b2acd24723b3089"
          },
          "sensitive_attributes": [],
          "private": "eyJlMmJmYjczMC1lY2FhLTExZTYtOGY4OC0zNDM2M2JjN2M0YzAiOnsiY3JlYXRlIjoxMjAwMDAwMDAwMDAwLCJkZWxldGUiOjEyMDAwMDAwMDAwMDAsInVwZGF0ZSI6MTIwMDAwMDAwMDAwMH19",
          "dependencies": [
            "module.vpc.aws_vpc.this",
            "module.vpc.aws_vpc_ipv4_cidr_block_association.this"
          ]
        }
      ]
    },
    {
      "module": "module.vpc",
      "mode": "managed",
      "type": "aws_route",
      "name": "public_internet_gateway",
      "provider": "provider[\"registry.terraform.io/hashicorp/aws\"]",
      "instances": [
        {
          "index_key": 0,
          "schema_version": 0,
          "attributes": {
            "carrier_gateway_id": "",
            "core_network_arn": "",
            "destination_cidr_block": "0.0.0.0/0",
            "destination_ipv6_cidr_block": "",
            "destination_prefix_list_id": "",
            "egress_only_gateway_id": "",
            "gateway_id": "igw-054ee8da0f991988c",
            "id": "r-rtb-02c9db6e15f60ce0f1080289494",
            "instance_id": "",
            "instance_owner_id": "",
            "local_gateway_id": "",
            "nat_gateway_id": "",
            "network_interface_id": "",
            "origin": "CreateRoute",
            "route_table_id": "rtb-02c9db6e15f60ce0f",
            "state": "active",
            "timeouts": {
              "create": "5m",
              "delete": null,
              "update": null
            },
            "transit_gateway_id": "",
            "vpc_endpoint_id": "",
            "vpc_peering_connection_id": ""
          },
          "sensitive_attributes": [],
          "private": "eyJlMmJmYjczMC1lY2FhLTExZTYtOGY4OC0zNDM2M2JjN2M0YzAiOnsiY3JlYXRlIjozMDAwMDAwMDAwMDAsImRlbGV0ZSI6MzAwMDAwMDAwMDAwLCJ1cGRhdGUiOjEyMDAwMDAwMDAwMH19",
          "dependencies": [
            "module.vpc.aws_internet_gateway.this",
            "module.vpc.aws_route_table.public",
            "module.vpc.aws_vpc.this",
            "module.vpc.aws_vpc_ipv4_cidr_block_association.this"
          ]
        }
      ]
    },
    {
      "module": "module.vpc",
      "mode": "managed",
      "type": "aws_route_table",
      "name": "public",
      "provider": "provider[\"registry.terraform.io/hashicorp/aws\"]",
      "instances": [
        {
          "index_key": 0,
          "schema_version": 0,
          "attributes": {
            "arn": "arn:aws:ec2:us-east-1:181636875901:route-table/rtb-02c9db6e15f60ce0f",
            "id": "rtb-02c9db6e15f60ce0f",
            "owner_id": "181636875901",
            "propagating_vgws": [],
            "route": [
              {
                "carrier_gateway_id": "",
                "cidr_block": "0.0.0.0/0",
                "core_network_arn": "",
                "destination_prefix_list_id": "",
                "egress_only_gateway_id": "",
                "gateway_id": "igw-054ee8da0f991988c",
                "instance_id": "",
                "ipv6_cidr_block": "",
                "local_gateway_id": "",
                "nat_gateway_id": "",
                "network_interface_id": "",
                "transit_gateway_id": "",
                "vpc_endpoint_id": "",
                "vpc_peering_connection_id": ""
              }
            ],
            "tags": {
              "Name": "globweb-dev-vpc",
              "billing_code": "ACCT8675309",
              "company": "Globomantics",
              "project": "Globomantics-web-app"
            },
            "tags_all": {
              "Name": "globweb-dev-vpc",
              "billing_code": "ACCT8675309",
              "company": "Globomantics",
              "project": "Globomantics-web-app"
            },
            "timeouts": null,
            "vpc_id": "vpc-00b2acd24723b3089"
          },
          "sensitive_attributes": [],
          "private": "eyJlMmJmYjczMC1lY2FhLTExZTYtOGY4OC0zNDM2M2JjN2M0YzAiOnsiY3JlYXRlIjozMDAwMDAwMDAwMDAsImRlbGV0ZSI6MzAwMDAwMDAwMDAwLCJ1cGRhdGUiOjEyMDAwMDAwMDAwMH19",
          "dependencies": [
            "module.vpc.aws_vpc.this",
            "module.vpc.aws_vpc_ipv4_cidr_block_association.this"
          ]
        }
      ]
    },
    {
      "module": "module.vpc",
      "mode": "managed",
      "type": "aws_route_table_association",
      "name": "public",
      "provider": "provider[\"registry.terraform.io/hashicorp/aws\"]",
      "instances": [
        {
          "index_key": 0,
          "schema_version": 0,
          "attributes": {
            "gateway_id": "",
            "id": "rtbassoc-08a047450a01f0898",
            "route_table_id": "rtb-02c9db6e15f60ce0f",
            "subnet_id": "subnet-0d114feb882b18ff7"
          },
          "sensitive_attributes": [],
          "private": "bnVsbA==",
          "dependencies": [
            "data.aws_availability_zones.available",
            "module.vpc.aws_route_table.public",
            "module.vpc.aws_subnet.public",
            "module.vpc.aws_vpc.this",
            "module.vpc.aws_vpc_ipv4_cidr_block_association.this"
          ]
        },
        {
          "index_key": 1,
          "schema_version": 0,
          "attributes": {
            "gateway_id": "",
            "id": "rtbassoc-0843ba9bb8b584d38",
            "route_table_id": "rtb-02c9db6e15f60ce0f",
            "subnet_id": "subnet-091117d0877bb915f"
          },
          "sensitive_attributes": [],
          "private": "bnVsbA==",
          "dependencies": [
            "data.aws_availability_zones.available",
            "module.vpc.aws_route_table.public",
            "module.vpc.aws_subnet.public",
            "module.vpc.aws_vpc.this",
            "module.vpc.aws_vpc_ipv4_cidr_block_association.this"
          ]
        }
      ]
    },
    {
      "module": "module.vpc",
      "mode": "managed",
      "type": "aws_subnet",
      "name": "public",
      "provider": "provider[\"registry.terraform.io/hashicorp/aws\"]",
      "instances": [
        {
          "index_key": 0,
          "schema_version": 1,
          "attributes": {
            "arn": "arn:aws:ec2:us-east-1:181636875901:subnet/subnet-0d114feb882b18ff7",
            "assign_ipv6_address_on_creation": false,
            "availability_zone": "us-east-1a",
            "availability_zone_id": "use1-az6",
            "cidr_block": "10.0.0.0/24",
            "customer_owned_ipv4_pool": "",
            "enable_dns64": false,
            "enable_resource_name_dns_a_record_on_launch": false,
            "enable_resource_name_dns_aaaa_record_on_launch": false,
            "id": "subnet-0d114feb882b18ff7",
            "ipv6_cidr_block": "",
            "ipv6_cidr_block_association_id": "",
            "ipv6_native": false,
            "map_customer_owned_ip_on_launch": false,
            "map_public_ip_on_launch": true,
            "outpost_arn": "",
            "owner_id": "181636875901",
            "private_dns_hostname_type_on_launch": "ip-name",
            "tags": {
              "Name": "globweb-dev-vpc",
              "billing_code": "ACCT8675309",
              "company": "Globomantics",
              "project": "Globomantics-web-app"
            },
            "tags_all": {
              "Name": "globweb-dev-vpc",
              "billing_code": "ACCT8675309",
              "company": "Globomantics",
              "project": "Globomantics-web-app"
            },
            "timeouts": null,
            "vpc_id": "vpc-00b2acd24723b3089"
          },
          "sensitive_attributes": [],
          "private": "eyJlMmJmYjczMC1lY2FhLTExZTYtOGY4OC0zNDM2M2JjN2M0YzAiOnsiY3JlYXRlIjo2MDAwMDAwMDAwMDAsImRlbGV0ZSI6MTIwMDAwMDAwMDAwMH0sInNjaGVtYV92ZXJzaW9uIjoiMSJ9",
          "dependencies": [
            "data.aws_availability_zones.available",
            "module.vpc.aws_vpc.this",
            "module.vpc.aws_vpc_ipv4_cidr_block_association.this"
          ]
        },
        {
          "index_key": 1,
          "schema_version": 1,
          "attributes": {
            "arn": "arn:aws:ec2:us-east-1:181636875901:subnet/subnet-091117d0877bb915f",
            "assign_ipv6_address_on_creation": false,
            "availability_zone": "us-east-1b",
            "availability_zone_id": "use1-az1",
            "cidr_block": "10.0.1.0/24",
            "customer_owned_ipv4_pool": "",
            "enable_dns64": false,
            "enable_resource_name_dns_a_record_on_launch": false,
            "enable_resource_name_dns_aaaa_record_on_launch": false,
            "id": "subnet-091117d0877bb915f",
            "ipv6_cidr_block": "",
            "ipv6_cidr_block_association_id": "",
            "ipv6_native": false,
            "map_customer_owned_ip_on_launch": false,
            "map_public_ip_on_launch": true,
            "outpost_arn": "",
            "owner_id": "181636875901",
            "private_dns_hostname_type_on_launch": "ip-name",
            "tags": {
              "Name": "globweb-dev-vpc",
              "billing_code": "ACCT8675309",
              "company": "Globomantics",
              "project": "Globomantics-web-app"
            },
            "tags_all": {
              "Name": "globweb-dev-vpc",
              "billing_code": "ACCT8675309",
              "company": "Globomantics",
              "project": "Globomantics-web-app"
            },
            "timeouts": null,
            "vpc_id": "vpc-00b2acd24723b3089"
          },
          "sensitive_attributes": [],
          "private": "eyJlMmJmYjczMC1lY2FhLTExZTYtOGY4OC0zNDM2M2JjN2M0YzAiOnsiY3JlYXRlIjo2MDAwMDAwMDAwMDAsImRlbGV0ZSI6MTIwMDAwMDAwMDAwMH0sInNjaGVtYV92ZXJzaW9uIjoiMSJ9",
          "dependencies": [
            "data.aws_availability_zones.available",
            "module.vpc.aws_vpc.this",
            "module.vpc.aws_vpc_ipv4_cidr_block_association.this"
          ]
        }
      ]
    },
    {
      "module": "module.vpc",
      "mode": "managed",
      "type": "aws_vpc",
      "name": "this",
      "provider": "provider[\"registry.terraform.io/hashicorp/aws\"]",
      "instances": [
        {
          "index_key": 0,
          "schema_version": 1,
          "attributes": {
            "arn": "arn:aws:ec2:us-east-1:181636875901:vpc/vpc-00b2acd24723b3089",
            "assign_generated_ipv6_cidr_block": false,
            "cidr_block": "10.0.0.0/16",
            "default_network_acl_id": "acl-0733a6bee58071228",
            "default_route_table_id": "rtb-0746c71dae41f3d41",
            "default_security_group_id": "sg-061ec3db4e0138436",
            "dhcp_options_id": "dopt-08c04d0b26e677d44",
            "enable_classiclink": false,
            "enable_classiclink_dns_support": false,
            "enable_dns_hostnames": true,
            "enable_dns_support": true,
            "enable_network_address_usage_metrics": false,
            "id": "vpc-00b2acd24723b3089",
            "instance_tenancy": "default",
            "ipv4_ipam_pool_id": null,
            "ipv4_netmask_length": null,
            "ipv6_association_id": "",
            "ipv6_cidr_block": "",
            "ipv6_cidr_block_network_border_group": "",
            "ipv6_ipam_pool_id": "",
            "ipv6_netmask_length": 0,
            "main_route_table_id": "rtb-0746c71dae41f3d41",
            "owner_id": "181636875901",
            "tags": {
              "Name": "globweb-dev-vpc",
              "billing_code": "ACCT8675309",
              "company": "Globomantics",
              "project": "Globomantics-web-app"
            },
            "tags_all": {
              "Name": "globweb-dev-vpc",
              "billing_code": "ACCT8675309",
              "company": "Globomantics",
              "project": "Globomantics-web-app"
            }
          },
          "sensitive_attributes": [],
          "private": "eyJzY2hlbWFfdmVyc2lvbiI6IjEifQ=="
        }
      ]
    },
    {
      "module": "module.web_app_s3",
      "mode": "managed",
      "type": "aws_iam_instance_profile",
      "name": "instance_profile",
      "provider": "provider[\"registry.terraform.io/hashicorp/aws\"]",
      "instances": [
        {
          "schema_version": 0,
          "attributes": {
            "arn": "arn:aws:iam::181636875901:instance-profile/globweb-dev-85624-ec2_profile",
            "create_date": "2023-01-18T02:29:55Z",
            "id": "globweb-dev-85624-ec2_profile",
            "name": "globweb-dev-85624-ec2_profile",
            "name_prefix": null,
            "path": "/",
            "role": "globweb-dev-85624-allow_nginx_s3",
            "tags": {
              "billing_code": "ACCT8675309",
              "company": "Globomantics",
              "project": "Globomantics-web-app"
            },
            "tags_all": {
              "billing_code": "ACCT8675309",
              "company": "Globomantics",
              "project": "Globomantics-web-app"
            },
            "unique_id": "AIPASUSTGYZ6WF3Y64YLB"
          },
          "sensitive_attributes": [],
          "private": "bnVsbA==",
          "dependencies": [
            "module.web_app_s3.aws_iam_role.iam_role_allow_s3",
            "random_integer.rand"
          ]
        }
      ]
    },
    {
      "module": "module.web_app_s3",
      "mode": "managed",
      "type": "aws_iam_role",
      "name": "iam_role_allow_s3",
      "provider": "provider[\"registry.terraform.io/hashicorp/aws\"]",
      "instances": [
        {
          "schema_version": 0,
          "attributes": {
            "arn": "arn:aws:iam::181636875901:role/globweb-dev-85624-allow_nginx_s3",
            "assume_role_policy": "{\"Statement\":[{\"Action\":\"sts:AssumeRole\",\"Effect\":\"Allow\",\"Principal\":{\"Service\":\"ec2.amazonaws.com\"},\"Sid\":\"\"}],\"Version\":\"2012-10-17\"}",
            "create_date": "2023-01-18T02:29:54Z",
            "description": "",
            "force_detach_policies": false,
            "id": "globweb-dev-85624-allow_nginx_s3",
            "inline_policy": [
              {
                "name": "globweb-dev-85624-allow_s3_all",
                "policy": "{\n  \"Version\": \"2012-10-17\",\n  \"Statement\": [\n    {\n      \"Action\": [\n        \"s3:*\"\n      ],\n      \"Effect\": \"Allow\",\n      \"Resource\": [\n                \"arn:aws:s3:::globweb-dev-85624\",\n                \"arn:aws:s3:::globweb-dev-85624/*\"\n            ]\n    }\n  ]\n}\n"
              }
            ],
            "managed_policy_arns": [],
            "max_session_duration": 3600,
            "name": "globweb-dev-85624-allow_nginx_s3",
            "name_prefix": "",
            "path": "/",
            "permissions_boundary": null,
            "tags": {
              "billing_code": "ACCT8675309",
              "company": "Globomantics",
              "project": "Globomantics-web-app"
            },
            "tags_all": {
              "billing_code": "ACCT8675309",
              "company": "Globomantics",
              "project": "Globomantics-web-app"
            },
            "unique_id": "AROASUSTGYZ6W27NDSBCS"
          },
          "sensitive_attributes": [],
          "private": "bnVsbA==",
          "dependencies": [
            "random_integer.rand"
          ]
        }
      ]
    },
    {
      "module": "module.web_app_s3",
      "mode": "managed",
      "type": "aws_iam_role_policy",
      "name": "iam_role_policy_allow_s3_all",
      "provider": "provider[\"registry.terraform.io/hashicorp/aws\"]",
      "instances": [
        {
          "schema_version": 0,
          "attributes": {
            "id": "globweb-dev-85624-allow_nginx_s3:globweb-dev-85624-allow_s3_all",
            "name": "globweb-dev-85624-allow_s3_all",
            "name_prefix": null,
            "policy": "{\n  \"Version\": \"2012-10-17\",\n  \"Statement\": [\n    {\n      \"Action\": [\n        \"s3:*\"\n      ],\n      \"Effect\": \"Allow\",\n      \"Resource\": [\n                \"arn:aws:s3:::globweb-dev-85624\",\n                \"arn:aws:s3:::globweb-dev-85624/*\"\n            ]\n    }\n  ]\n}\n",
            "role": "globweb-dev-85624-allow_nginx_s3"
          },
          "sensitive_attributes": [],
          "private": "bnVsbA==",
          "dependencies": [
            "module.web_app_s3.aws_iam_role.iam_role_allow_s3",
            "random_integer.rand"
          ]
        }
      ]
    },
    {
      "module": "module.web_app_s3",
      "mode": "managed",
      "type": "aws_s3_bucket",
      "name": "web_bucket",
      "provider": "provider[\"registry.terraform.io/hashicorp/aws\"]",
      "instances": [
        {
          "schema_version": 0,
          "attributes": {
            "acceleration_status": "",
            "acl": "private",
            "arn": "arn:aws:s3:::globweb-dev-85624",
            "bucket": "globweb-dev-85624",
            "bucket_domain_name": "globweb-dev-85624.s3.amazonaws.com",
            "bucket_prefix": null,
            "bucket_regional_domain_name": "globweb-dev-85624.s3.amazonaws.com",
            "cors_rule": [],
            "force_destroy": true,
            "grant": [
              {
                "id": "c7e5801a16d48d92a65ca2d362367eb82aab07ff3fe13431843c4d2d602d9ea8",
                "permissions": [
                  "FULL_CONTROL"
                ],
                "type": "CanonicalUser",
                "uri": ""
              }
            ],
            "hosted_zone_id": "Z3AQBSTGFYJSTF",
            "id": "globweb-dev-85624",
            "lifecycle_rule": [],
            "logging": [],
            "object_lock_configuration": [],
            "object_lock_enabled": false,
            "policy": "{\"Version\":\"2012-10-17\",\"Statement\":[{\"Effect\":\"Allow\",\"Principal\":{\"AWS\":\"arn:aws:iam::127311923021:root\"},\"Action\":\"s3:PutObject\",\"Resource\":\"arn:aws:s3:::globweb-dev-85624/alb-logs/*\"},{\"Effect\":\"Allow\",\"Principal\":{\"Service\":\"delivery.logs.amazonaws.com\"},\"Action\":\"s3:PutObject\",\"Resource\":\"arn:aws:s3:::globweb-dev-85624/alb-logs/*\",\"Condition\":{\"StringEquals\":{\"s3:x-amz-acl\":\"bucket-owner-full-control\"}}},{\"Effect\":\"Allow\",\"Principal\":{\"Service\":\"delivery.logs.amazonaws.com\"},\"Action\":\"s3:GetBucketAcl\",\"Resource\":\"arn:aws:s3:::globweb-dev-85624\"}]}",
            "region": "us-east-1",
            "replication_configuration": [],
            "request_payer": "BucketOwner",
            "server_side_encryption_configuration": [],
            "tags": {
              "billing_code": "ACCT8675309",
              "company": "Globomantics",
              "project": "Globomantics-web-app"
            },
            "tags_all": {
              "billing_code": "ACCT8675309",
              "company": "Globomantics",
              "project": "Globomantics-web-app"
            },
            "timeouts": null,
            "versioning": [
              {
                "enabled": false,
                "mfa_delete": false
              }
            ],
            "website": [],
            "website_domain": null,
            "website_endpoint": null
          },
          "sensitive_attributes": [],
          "private": "eyJlMmJmYjczMC1lY2FhLTExZTYtOGY4OC0zNDM2M2JjN2M0YzAiOnsiY3JlYXRlIjoxMjAwMDAwMDAwMDAwLCJkZWxldGUiOjM2MDAwMDAwMDAwMDAsInJlYWQiOjEyMDAwMDAwMDAwMDAsInVwZGF0ZSI6MTIwMDAwMDAwMDAwMH19",
          "dependencies": [
            "data.aws_elb_service_account.root",
            "random_integer.rand"
          ]
        }
      ]
    }
  ],
  "check_results": null
}
